// !$*UTF8*$!
{
	archiveVersion = 1;
	classes = {
	};
	objectVersion = 48;
	objects = {

/* Begin PBXBuildFile section */
		6CA05DD91F660B1A004DD524 /* AppDelegate.swift in Sources */ = {isa = PBXBuildFile; fileRef = 6CA05DD81F660B1A004DD524 /* AppDelegate.swift */; };
		6CA05DDB1F660B1A004DD524 /* GoalsVC.swift in Sources */ = {isa = PBXBuildFile; fileRef = 6CA05DDA1F660B1A004DD524 /* GoalsVC.swift */; };
		6CA05DDE1F660B1A004DD524 /* Main.storyboard in Resources */ = {isa = PBXBuildFile; fileRef = 6CA05DDC1F660B1A004DD524 /* Main.storyboard */; };
		6CA05DE11F660B1A004DD524 /* GoalPost.xcdatamodeld in Sources */ = {isa = PBXBuildFile; fileRef = 6CA05DDF1F660B1A004DD524 /* GoalPost.xcdatamodeld */; };
		6CA05DE31F660B1A004DD524 /* Assets.xcassets in Resources */ = {isa = PBXBuildFile; fileRef = 6CA05DE21F660B1A004DD524 /* Assets.xcassets */; };
		6CA05DE61F660B1A004DD524 /* LaunchScreen.storyboard in Resources */ = {isa = PBXBuildFile; fileRef = 6CA05DE41F660B1A004DD524 /* LaunchScreen.storyboard */; };
		6CA05DF21F6612DB004DD524 /* GoalCell.swift in Sources */ = {isa = PBXBuildFile; fileRef = 6CA05DF11F6612DB004DD524 /* GoalCell.swift */; };
		6CA05DF41F661ABF004DD524 /* GoalType.swift in Sources */ = {isa = PBXBuildFile; fileRef = 6CA05DF31F661ABF004DD524 /* GoalType.swift */; };
		6CA05DF61F6622C5004DD524 /* CreateGoalVC.swift in Sources */ = {isa = PBXBuildFile; fileRef = 6CA05DF51F6622C5004DD524 /* CreateGoalVC.swift */; };
		6CA05DF81F6623F2004DD524 /* UIViewControllerExt.swift in Sources */ = {isa = PBXBuildFile; fileRef = 6CA05DF71F6623F2004DD524 /* UIViewControllerExt.swift */; };
		6CA05DFA1F662760004DD524 /* UIViewExt.swift in Sources */ = {isa = PBXBuildFile; fileRef = 6CA05DF91F662760004DD524 /* UIViewExt.swift */; };
		6CA05DFC1F662A0A004DD524 /* UIButtonExt.swift in Sources */ = {isa = PBXBuildFile; fileRef = 6CA05DFB1F662A0A004DD524 /* UIButtonExt.swift */; };
		6CA05DFE1F662DD0004DD524 /* FinishGoalVC.swift in Sources */ = {isa = PBXBuildFile; fileRef = 6CA05DFD1F662DD0004DD524 /* FinishGoalVC.swift */; };
/* End PBXBuildFile section */

/* Begin PBXFileReference section */
		6CA05DD51F660B1A004DD524 /* GoalPost.app */ = {isa = PBXFileReference; explicitFileType = wrapper.application; includeInIndex = 0; path = GoalPost.app; sourceTree = BUILT_PRODUCTS_DIR; };
		6CA05DD81F660B1A004DD524 /* AppDelegate.swift */ = {isa = PBXFileReference; lastKnownFileType = sourcecode.swift; path = AppDelegate.swift; sourceTree = "<group>"; };
		6CA05DDA1F660B1A004DD524 /* GoalsVC.swift */ = {isa = PBXFileReference; lastKnownFileType = sourcecode.swift; path = GoalsVC.swift; sourceTree = "<group>"; };
		6CA05DDD1F660B1A004DD524 /* Base */ = {isa = PBXFileReference; lastKnownFileType = file.storyboard; name = Base; path = Base.lproj/Main.storyboard; sourceTree = "<group>"; };
		6CA05DE01F660B1A004DD524 /* GoalPost.xcdatamodel */ = {isa = PBXFileReference; lastKnownFileType = wrapper.xcdatamodel; path = GoalPost.xcdatamodel; sourceTree = "<group>"; };
		6CA05DE21F660B1A004DD524 /* Assets.xcassets */ = {isa = PBXFileReference; lastKnownFileType = folder.assetcatalog; path = Assets.xcassets; sourceTree = "<group>"; };
		6CA05DE51F660B1A004DD524 /* Base */ = {isa = PBXFileReference; lastKnownFileType = file.storyboard; name = Base; path = Base.lproj/LaunchScreen.storyboard; sourceTree = "<group>"; };
		6CA05DE71F660B1A004DD524 /* Info.plist */ = {isa = PBXFileReference; lastKnownFileType = text.plist.xml; path = Info.plist; sourceTree = "<group>"; };
		6CA05DF11F6612DB004DD524 /* GoalCell.swift */ = {isa = PBXFileReference; lastKnownFileType = sourcecode.swift; path = GoalCell.swift; sourceTree = "<group>"; };
		6CA05DF31F661ABF004DD524 /* GoalType.swift */ = {isa = PBXFileReference; lastKnownFileType = sourcecode.swift; path = GoalType.swift; sourceTree = "<group>"; };
		6CA05DF51F6622C5004DD524 /* CreateGoalVC.swift */ = {isa = PBXFileReference; lastKnownFileType = sourcecode.swift; path = CreateGoalVC.swift; sourceTree = "<group>"; };
		6CA05DF71F6623F2004DD524 /* UIViewControllerExt.swift */ = {isa = PBXFileReference; lastKnownFileType = sourcecode.swift; path = UIViewControllerExt.swift; sourceTree = "<group>"; };
		6CA05DF91F662760004DD524 /* UIViewExt.swift */ = {isa = PBXFileReference; lastKnownFileType = sourcecode.swift; path = UIViewExt.swift; sourceTree = "<group>"; };
		6CA05DFB1F662A0A004DD524 /* UIButtonExt.swift */ = {isa = PBXFileReference; lastKnownFileType = sourcecode.swift; path = UIButtonExt.swift; sourceTree = "<group>"; };
		6CA05DFD1F662DD0004DD524 /* FinishGoalVC.swift */ = {isa = PBXFileReference; lastKnownFileType = sourcecode.swift; path = FinishGoalVC.swift; sourceTree = "<group>"; };
/* End PBXFileReference section */

/* Begin PBXFrameworksBuildPhase section */
		6CA05DD21F660B1A004DD524 /* Frameworks */ = {
			isa = PBXFrameworksBuildPhase;
			buildActionMask = 2147483647;
			files = (
			);
			runOnlyForDeploymentPostprocessing = 0;
		};
/* End PBXFrameworksBuildPhase section */

/* Begin PBXGroup section */
		6CA05DCC1F660B1A004DD524 = {
			isa = PBXGroup;
			children = (
				6CA05DD71F660B1A004DD524 /* GoalPost */,
				6CA05DD61F660B1A004DD524 /* Products */,
			);
			sourceTree = "<group>";
		};
		6CA05DD61F660B1A004DD524 /* Products */ = {
			isa = PBXGroup;
			children = (
				6CA05DD51F660B1A004DD524 /* GoalPost.app */,
			);
			name = Products;
			sourceTree = "<group>";
		};
		6CA05DD71F660B1A004DD524 /* GoalPost */ = {
			isa = PBXGroup;
			children = (
				6CA05DF01F660B68004DD524 /* Enums */,
				6CA05DEF1F660B63004DD524 /* Extensions */,
				6CA05DEE1F660B4A004DD524 /* View */,
				6CA05DED1F660B33004DD524 /* Controller */,
				6CA05DD81F660B1A004DD524 /* AppDelegate.swift */,
				6CA05DDC1F660B1A004DD524 /* Main.storyboard */,
				6CA05DE21F660B1A004DD524 /* Assets.xcassets */,
				6CA05DE41F660B1A004DD524 /* LaunchScreen.storyboard */,
				6CA05DE71F660B1A004DD524 /* Info.plist */,
				6CA05DDF1F660B1A004DD524 /* GoalPost.xcdatamodeld */,
			);
			path = GoalPost;
			sourceTree = "<group>";
		};
		6CA05DED1F660B33004DD524 /* Controller */ = {
			isa = PBXGroup;
			children = (
				6CA05DDA1F660B1A004DD524 /* GoalsVC.swift */,
				6CA05DF51F6622C5004DD524 /* CreateGoalVC.swift */,
				6CA05DFD1F662DD0004DD524 /* FinishGoalVC.swift */,
			);
			path = Controller;
			sourceTree = "<group>";
		};
		6CA05DEE1F660B4A004DD524 /* View */ = {
			isa = PBXGroup;
			children = (
				6CA05DF11F6612DB004DD524 /* GoalCell.swift */,
			);
			path = View;
			sourceTree = "<group>";
		};
		6CA05DEF1F660B63004DD524 /* Extensions */ = {
			isa = PBXGroup;
			children = (
				6CA05DF71F6623F2004DD524 /* UIViewControllerExt.swift */,
				6CA05DF91F662760004DD524 /* UIViewExt.swift */,
				6CA05DFB1F662A0A004DD524 /* UIButtonExt.swift */,
			);
			path = Extensions;
			sourceTree = "<group>";
		};
		6CA05DF01F660B68004DD524 /* Enums */ = {
			isa = PBXGroup;
			children = (
				6CA05DF31F661ABF004DD524 /* GoalType.swift */,
			);
			path = Enums;
			sourceTree = "<group>";
		};
/* End PBXGroup section */

/* Begin PBXNativeTarget section */
		6CA05DD41F660B1A004DD524 /* GoalPost */ = {
			isa = PBXNativeTarget;
			buildConfigurationList = 6CA05DEA1F660B1A004DD524 /* Build configuration list for PBXNativeTarget "GoalPost" */;
			buildPhases = (
				6CA05DD11F660B1A004DD524 /* Sources */,
				6CA05DD21F660B1A004DD524 /* Frameworks */,
				6CA05DD31F660B1A004DD524 /* Resources */,
			);
			buildRules = (
			);
			dependencies = (
			);
			name = GoalPost;
			productName = GoalPost;
			productReference = 6CA05DD51F660B1A004DD524 /* GoalPost.app */;
			productType = "com.apple.product-type.application";
		};
/* End PBXNativeTarget section */

/* Begin PBXProject section */
		6CA05DCD1F660B1A004DD524 /* Project object */ = {
			isa = PBXProject;
			attributes = {
				LastSwiftUpdateCheck = 0900;
				LastUpgradeCheck = 0900;
				ORGANIZATIONNAME = Appdelight;
				TargetAttributes = {
					6CA05DD41F660B1A004DD524 = {
						CreatedOnToolsVersion = 9.0;
						ProvisioningStyle = Automatic;
					};
				};
			};
			buildConfigurationList = 6CA05DD01F660B1A004DD524 /* Build configuration list for PBXProject "GoalPost" */;
			compatibilityVersion = "Xcode 8.0";
			developmentRegion = en;
			hasScannedForEncodings = 0;
			knownRegions = (
				en,
				Base,
			);
			mainGroup = 6CA05DCC1F660B1A004DD524;
			productRefGroup = 6CA05DD61F660B1A004DD524 /* Products */;
			projectDirPath = "";
			projectRoot = "";
			targets = (
				6CA05DD41F660B1A004DD524 /* GoalPost */,
			);
		};
/* End PBXProject section */

/* Begin PBXResourcesBuildPhase section */
		6CA05DD31F660B1A004DD524 /* Resources */ = {
			isa = PBXResourcesBuildPhase;
			buildActionMask = 2147483647;
			files = (
				6CA05DE61F660B1A004DD524 /* LaunchScreen.storyboard in Resources */,
				6CA05DE31F660B1A004DD524 /* Assets.xcassets in Resources */,
				6CA05DDE1F660B1A004DD524 /* Main.storyboard in Resources */,
			);
			runOnlyForDeploymentPostprocessing = 0;
		};
/* End PBXResourcesBuildPhase section */

/* Begin PBXSourcesBuildPhase section */
		6CA05DD11F660B1A004DD524 /* Sources */ = {
			isa = PBXSourcesBuildPhase;
			buildActionMask = 2147483647;
			files = (
				6CA05DF21F6612DB004DD524 /* GoalCell.swift in Sources */,
				6CA05DF61F6622C5004DD524 /* CreateGoalVC.swift in Sources */,
				6CA05DF41F661ABF004DD524 /* GoalType.swift in Sources */,
				6CA05DDB1F660B1A004DD524 /* GoalsVC.swift in Sources */,
				6CA05DFA1F662760004DD524 /* UIViewExt.swift in Sources */,
				6CA05DD91F660B1A004DD524 /* AppDelegate.swift in Sources */,
				6CA05DF81F6623F2004DD524 /* UIViewControllerExt.swift in Sources */,
				6CA05DFC1F662A0A004DD524 /* UIButtonExt.swift in Sources */,
				6CA05DFE1F662DD0004DD524 /* FinishGoalVC.swift in Sources */,
				6CA05DE11F660B1A004DD524 /* GoalPost.xcdatamodeld in Sources */,
			);
			runOnlyForDeploymentPostprocessing = 0;
		};
/* End PBXSourcesBuildPhase section */

/* Begin PBXVariantGroup section */
		6CA05DDC1F660B1A004DD524 /* Main.storyboard */ = {
			isa = PBXVariantGroup;
			children = (
				6CA05DDD1F660B1A004DD524 /* Base */,
			);
			name = Main.storyboard;
			sourceTree = "<group>";
		};
		6CA05DE41F660B1A004DD524 /* LaunchScreen.storyboard */ = {
			isa = PBXVariantGroup;
			children = (
				6CA05DE51F660B1A004DD524 /* Base */,
			);
			name = LaunchScreen.storyboard;
			sourceTree = "<group>";
		};
/* End PBXVariantGroup section */

/* Begin XCBuildConfiguration section */
		6CA05DE81F660B1A004DD524 /* Debug */ = {
			isa = XCBuildConfiguration;
			buildSettings = {
				ALWAYS_SEARCH_USER_PATHS = NO;
				CLANG_ANALYZER_NONNULL = YES;
				CLANG_ANALYZER_NUMBER_OBJECT_CONVERSION = YES_AGGRESSIVE;
				CLANG_CXX_LANGUAGE_STANDARD = "gnu++14";
				CLANG_CXX_LIBRARY = "libc++";
				CLANG_ENABLE_MODULES = YES;
				CLANG_ENABLE_OBJC_ARC = YES;
				CLANG_WARN_BLOCK_CAPTURE_AUTORELEASING = YES;
				CLANG_WARN_BOOL_CONVERSION = YES;
				CLANG_WARN_COMMA = YES;
				CLANG_WARN_CONSTANT_CONVERSION = YES;
				CLANG_WARN_DIRECT_OBJC_ISA_USAGE = YES_ERROR;
				CLANG_WARN_DOCUMENTATION_COMMENTS = YES;
				CLANG_WARN_EMPTY_BODY = YES;
				CLANG_WARN_ENUM_CONVERSION = YES;
				CLANG_WARN_INFINITE_RECURSION = YES;
				CLANG_WARN_INT_CONVERSION = YES;
				CLANG_WARN_NON_LITERAL_NULL_CONVERSION = YES;
				CLANG_WARN_OBJC_LITERAL_CONVERSION = YES;
				CLANG_WARN_OBJC_ROOT_CLASS = YES_ERROR;
				CLANG_WARN_RANGE_LOOP_ANALYSIS = YES;
				CLANG_WARN_STRICT_PROTOTYPES = YES;
				CLANG_WARN_SUSPICIOUS_MOVE = YES;
				CLANG_WARN_UNGUARDED_AVAILABILITY = YES_AGGRESSIVE;
				CLANG_WARN_UNREACHABLE_CODE = YES;
				CLANG_WARN__DUPLICATE_METHOD_MATCH = YES;
				CODE_SIGN_IDENTITY = "iPhone Developer";
				COPY_PHASE_STRIP = NO;
				DEBUG_INFORMATION_FORMAT = dwarf;
				ENABLE_STRICT_OBJC_MSGSEND = YES;
				ENABLE_TESTABILITY = YES;
				GCC_C_LANGUAGE_STANDARD = gnu11;
				GCC_DYNAMIC_NO_PIC = NO;
				GCC_NO_COMMON_BLOCKS = YES;
				GCC_OPTIMIZATION_LEVEL = 0;
				GCC_PREPROCESSOR_DEFINITIONS = (
					"DEBUG=1",
					"$(inherited)",
				);
				GCC_WARN_64_TO_32_BIT_CONVERSION = YES;
				GCC_WARN_ABOUT_RETURN_TYPE = YES_ERROR;
				GCC_WARN_UNDECLARED_SELECTOR = YES;
				GCC_WARN_UNINITIALIZED_AUTOS = YES_AGGRESSIVE;
				GCC_WARN_UNUSED_FUNCTION = YES;
				GCC_WARN_UNUSED_VARIABLE = YES;
				IPHONEOS_DEPLOYMENT_TARGET = 11.0;
				MTL_ENABLE_DEBUG_INFO = YES;
				ONLY_ACTIVE_ARCH = YES;
				SDKROOT = iphoneos;
				SWIFT_ACTIVE_COMPILATION_CONDITIONS = DEBUG;
				SWIFT_OPTIMIZATION_LEVEL = "-Onone";
			};
			name = Debug;
		};
		6CA05DE91F660B1A004DD524 /* Release */ = {
			isa = XCBuildConfiguration;
			buildSettings = {
				ALWAYS_SEARCH_USER_PATHS = NO;
				CLANG_ANALYZER_NONNULL = YES;
				CLANG_ANALYZER_NUMBER_OBJECT_CONVERSION = YES_AGGRESSIVE;
				CLANG_CXX_LANGUAGE_STANDARD = "gnu++14";
				CLANG_CXX_LIBRARY = "libc++";
				CLANG_ENABLE_MODULES = YES;
				CLANG_ENABLE_OBJC_ARC = YES;
				CLANG_WARN_BLOCK_CAPTURE_AUTORELEASING = YES;
				CLANG_WARN_BOOL_CONVERSION = YES;
				CLANG_WARN_COMMA = YES;
				CLANG_WARN_CONSTANT_CONVERSION = YES;
				CLANG_WARN_DIRECT_OBJC_ISA_USAGE = YES_ERROR;
				CLANG_WARN_DOCUMENTATION_COMMENTS = YES;
				CLANG_WARN_EMPTY_BODY = YES;
				CLANG_WARN_ENUM_CONVERSION = YES;
				CLANG_WARN_INFINITE_RECURSION = YES;
				CLANG_WARN_INT_CONVERSION = YES;
				CLANG_WARN_NON_LITERAL_NULL_CONVERSION = YES;
				CLANG_WARN_OBJC_LITERAL_CONVERSION = YES;
				CLANG_WARN_OBJC_ROOT_CLASS = YES_ERROR;
				CLANG_WARN_RANGE_LOOP_ANALYSIS = YES;
				CLANG_WARN_STRICT_PROTOTYPES = YES;
				CLANG_WARN_SUSPICIOUS_MOVE = YES;
				CLANG_WARN_UNGUARDED_AVAILABILITY = YES_AGGRESSIVE;
				CLANG_WARN_UNREACHABLE_CODE = YES;
				CLANG_WARN__DUPLICATE_METHOD_MATCH = YES;
				CODE_SIGN_IDENTITY = "iPhone Developer";
				COPY_PHASE_STRIP = NO;
				DEBUG_INFORMATION_FORMAT = "dwarf-with-dsym";
				ENABLE_NS_ASSERTIONS = NO;
				ENABLE_STRICT_OBJC_MSGSEND = YES;
				GCC_C_LANGUAGE_STANDARD = gnu11;
				GCC_NO_COMMON_BLOCKS = YES;
				GCC_WARN_64_TO_32_BIT_CONVERSION = YES;
				GCC_WARN_ABOUT_RETURN_TYPE = YES_ERROR;
				GCC_WARN_UNDECLARED_SELECTOR = YES;
				GCC_WARN_UNINITIALIZED_AUTOS = YES_AGGRESSIVE;
				GCC_WARN_UNUSED_FUNCTION = YES;
				GCC_WARN_UNUSED_VARIABLE = YES;
				IPHONEOS_DEPLOYMENT_TARGET = 11.0;
				MTL_ENABLE_DEBUG_INFO = NO;
				SDKROOT = iphoneos;
				SWIFT_OPTIMIZATION_LEVEL = "-Owholemodule";
				VALIDATE_PRODUCT = YES;
			};
			name = Release;
		};
		6CA05DEB1F660B1A004DD524 /* Debug */ = {
			isa = XCBuildConfiguration;
			buildSettings = {
				ASSETCATALOG_COMPILER_APPICON_NAME = AppIcon;
				CODE_SIGN_STYLE = Automatic;
				INFOPLIST_FILE = GoalPost/Info.plist;
				LD_RUNPATH_SEARCH_PATHS = "$(inherited) @executable_path/Frameworks";
				PRODUCT_BUNDLE_IDENTIFIER = com.appdelight.GoalPost;
				PRODUCT_NAME = "$(TARGET_NAME)";
				SWIFT_VERSION = 4.0;
				TARGETED_DEVICE_FAMILY = "1,2";
			};
			name = Debug;
		};
		6CA05DEC1F660B1A004DD524 /* Release */ = {
			isa = XCBuildConfiguration;
			buildSettings = {
				ASSETCATALOG_COMPILER_APPICON_NAME = AppIcon;
				CODE_SIGN_STYLE = Automatic;
				INFOPLIST_FILE = GoalPost/Info.plist;
				LD_RUNPATH_SEARCH_PATHS = "$(inherited) @executable_path/Frameworks";
				PRODUCT_BUNDLE_IDENTIFIER = com.appdelight.GoalPost;
				PRODUCT_NAME = "$(TARGET_NAME)";
				SWIFT_VERSION = 4.0;
				TARGETED_DEVICE_FAMILY = "1,2";
			};
			name = Release;
		};
/* End XCBuildConfiguration section */

/* Begin XCConfigurationList section */
		6CA05DD01F660B1A004DD524 /* Build configuration list for PBXProject "GoalPost" */ = {
			isa = XCConfigurationList;
			buildConfigurations = (
				6CA05DE81F660B1A004DD524 /* Debug */,
				6CA05DE91F660B1A004DD524 /* Release */,
			);
			defaultConfigurationIsVisible = 0;
			defaultConfigurationName = Release;
		};
		6CA05DEA1F660B1A004DD524 /* Build configuration list for PBXNativeTarget "GoalPost" */ = {
			isa = XCConfigurationList;
			buildConfigurations = (
				6CA05DEB1F660B1A004DD524 /* Debug */,
				6CA05DEC1F660B1A004DD524 /* Release */,
			);
			defaultConfigurationIsVisible = 0;
			defaultConfigurationName = Release;
		};
/* End XCConfigurationList section */

/* Begin XCVersionGroup section */
		6CA05DDF1F660B1A004DD524 /* GoalPost.xcdatamodeld */ = {
			isa = XCVersionGroup;
			children = (
				6CA05DE01F660B1A004DD524 /* GoalPost.xcdatamodel */,
			);
			currentVersion = 6CA05DE01F660B1A004DD524 /* GoalPost.xcdatamodel */;
			path = GoalPost.xcdatamodeld;
			sourceTree = "<group>";
			versionGroupType = wrapper.xcdatamodel;
		};
/* End XCVersionGroup section */
	};
	rootObject = 6CA05DCD1F660B1A004DD524 /* Project object */;
}
